
Microsoft Visual Studio Solution File, Format Version 12.00
# Visual Studio Version 17
VisualStudioVersion = 17.8.34408.163
MinimumVisualStudioVersion = 10.0.40219.1
Project("{8BC9CEB8-8B4A-11D0-8D11-00A0C91BC942}") = "Banka _Sistemi", "Banka _Sistemi\Banka _Sistemi.vcxproj", "{EDC84D40-6971-49E3-B9B2-E57D4C41E5B7}"
EndProject
Global
	GlobalSection(SolutionConfigurationPlatforms) = preSolution
		Debug|x64 = Debug|x64
		Debug|x86 = Debug|x86
		Release|x64 = Release|x64
		Release|x86 = Release|x86
	EndGlobalSection
	GlobalSection(ProjectConfigurationPlatforms) = postSolution
		{EDC84D40-6971-49E3-B9B2-E57D4C41E5B7}.Debug|x64.ActiveCfg = Debug|x64
		{EDC84D40-6971-49E3-B9B2-E57D4C41E5B7}.Debug|x64.Build.0 = Debug|x64
		{EDC84D40-6971-49E3-B9B2-E57D4C41E5B7}.Debug|x86.ActiveCfg = Debug|Win32
		{EDC84D40-6971-49E3-B9B2-E57D4C41E5B7}.Debug|x86.Build.0 = Debug|Win32
		{EDC84D40-6971-49E3-B9B2-E57D4C41E5B7}.Release|x64.ActiveCfg = Release|x64
		{EDC84D40-6971-49E3-B9B2-E57D4C41E5B7}.Release|x64.Build.0 = Release|x64
		{EDC84D40-6971-49E3-B9B2-E57D4C41E5B7}.Release|x86.ActiveCfg = Release|Win32
		{EDC84D40-6971-49E3-B9B2-E57D4C41E5B7}.Release|x86.Build.0 = Release|Win32
	EndGlobalSection
	GlobalSection(SolutionProperties) = preSolution
		HideSolutionNode = FALSE
	EndGlobalSection
	GlobalSection(ExtensibilityGlobals) = postSolution
		SolutionGuid = {F09B2511-B030-4DED-9F11-F1251C30747B}
	EndGlobalSection
EndGlobal
